
Microsoft Visual Studio Solution File, Format Version 12.00
# Visual Studio Version 17
VisualStudioVersion = 17.11.35327.3
MinimumVisualStudioVersion = 10.0.40219.1
Project("{9A19103F-16F7-4668-BE54-9A1E7A4F7556}") = "BookStoreCRUD", "BookStoreCRUD\BookStoreCRUD.csproj", "{50198EAB-EB09-418B-B765-AE12B62A2EF1}"
EndProject
Project("{9A19103F-16F7-4668-BE54-9A1E7A4F7556}") = "BookStoreCRUD.API", "BookStoreCRUD.API\BookStoreCRUD.API.csproj", "{A8CD198B-618C-4182-A5C4-61F07ACA05CD}"
EndProject
Project("{9A19103F-16F7-4668-BE54-9A1E7A4F7556}") = "BookStoreCRUD.Domain", "BookStoreCRUD.Domain\BookStoreCRUD.Domain.csproj", "{F8E3FEB5-2368-46E1-81B0-AC07F1095D08}"
EndProject
Project("{FAE04EC0-301F-11D3-BF4B-00C04F79EFBC}") = "BookStoreWeb", "BookStoreWeb\BookStoreWeb.csproj", "{BC7B9FD8-7BEA-4153-9441-89303123F826}"
EndProject
Global
	GlobalSection(SolutionConfigurationPlatforms) = preSolution
		Debug|Any CPU = Debug|Any CPU
		Release|Any CPU = Release|Any CPU
	EndGlobalSection
	GlobalSection(ProjectConfigurationPlatforms) = postSolution
		{50198EAB-EB09-418B-B765-AE12B62A2EF1}.Debug|Any CPU.ActiveCfg = Debug|Any CPU
		{50198EAB-EB09-418B-B765-AE12B62A2EF1}.Debug|Any CPU.Build.0 = Debug|Any CPU
		{50198EAB-EB09-418B-B765-AE12B62A2EF1}.Release|Any CPU.ActiveCfg = Release|Any CPU
		{50198EAB-EB09-418B-B765-AE12B62A2EF1}.Release|Any CPU.Build.0 = Release|Any CPU
		{A8CD198B-618C-4182-A5C4-61F07ACA05CD}.Debug|Any CPU.ActiveCfg = Debug|Any CPU
		{A8CD198B-618C-4182-A5C4-61F07ACA05CD}.Debug|Any CPU.Build.0 = Debug|Any CPU
		{A8CD198B-618C-4182-A5C4-61F07ACA05CD}.Release|Any CPU.ActiveCfg = Release|Any CPU
		{A8CD198B-618C-4182-A5C4-61F07ACA05CD}.Release|Any CPU.Build.0 = Release|Any CPU
		{F8E3FEB5-2368-46E1-81B0-AC07F1095D08}.Debug|Any CPU.ActiveCfg = Debug|Any CPU
		{F8E3FEB5-2368-46E1-81B0-AC07F1095D08}.Debug|Any CPU.Build.0 = Debug|Any CPU
		{F8E3FEB5-2368-46E1-81B0-AC07F1095D08}.Release|Any CPU.ActiveCfg = Release|Any CPU
		{F8E3FEB5-2368-46E1-81B0-AC07F1095D08}.Release|Any CPU.Build.0 = Release|Any CPU
		{BC7B9FD8-7BEA-4153-9441-89303123F826}.Debug|Any CPU.ActiveCfg = Debug|Any CPU
		{BC7B9FD8-7BEA-4153-9441-89303123F826}.Debug|Any CPU.Build.0 = Debug|Any CPU
		{BC7B9FD8-7BEA-4153-9441-89303123F826}.Release|Any CPU.ActiveCfg = Release|Any CPU
		{BC7B9FD8-7BEA-4153-9441-89303123F826}.Release|Any CPU.Build.0 = Release|Any CPU
	EndGlobalSection
	GlobalSection(SolutionProperties) = preSolution
		HideSolutionNode = FALSE
	EndGlobalSection
	GlobalSection(ExtensibilityGlobals) = postSolution
		SolutionGuid = {5546B960-85FB-44CA-860A-99DC37160C45}
	EndGlobalSection
EndGlobal
